
Microsoft Visual Studio Solution File, Format Version 12.00
# Visual Studio Version 16
VisualStudioVersion = 16.0.30320.27
MinimumVisualStudioVersion = 10.0.40219.1
Project("{FAE04EC0-301F-11D3-BF4B-00C04F79EFBC}") = "AppCenterDemo.Android", "AppCenterDemo.Android\AppCenterDemo.Android.csproj", "{C5BBD897-8782-4D6F-93AA-0ABD7CDDB155}"
EndProject
Project("{FAE04EC0-301F-11D3-BF4B-00C04F79EFBC}") = "AppCenterDemo.iOS", "AppCenterDemo.iOS\AppCenterDemo.iOS.csproj", "{48675222-6C9E-42B8-A274-C145C4C0299B}"
EndProject
Project("{FAE04EC0-301F-11D3-BF4B-00C04F79EFBC}") = "AppCenterDemo", "AppCenterDemo\AppCenterDemo.csproj", "{4AE27363-4033-4838-B502-1B24F77584CA}"
EndProject
Project("{FAE04EC0-301F-11D3-BF4B-00C04F79EFBC}") = "FirstUITest", "..\FirstUITest\FirstUITest.csproj", "{D5A35B0C-52C1-40D1-9F9E-BA40A455E830}"
EndProject
Global
	GlobalSection(SolutionConfigurationPlatforms) = preSolution
		Debug|Any CPU = Debug|Any CPU
		Debug|iPhone = Debug|iPhone
		Debug|iPhoneSimulator = Debug|iPhoneSimulator
		Release|Any CPU = Release|Any CPU
		Release|iPhone = Release|iPhone
		Release|iPhoneSimulator = Release|iPhoneSimulator
	EndGlobalSection
	GlobalSection(ProjectConfigurationPlatforms) = postSolution
		{C5BBD897-8782-4D6F-93AA-0ABD7CDDB155}.Debug|Any CPU.ActiveCfg = Debug|Any CPU
		{C5BBD897-8782-4D6F-93AA-0ABD7CDDB155}.Debug|Any CPU.Build.0 = Debug|Any CPU
		{C5BBD897-8782-4D6F-93AA-0ABD7CDDB155}.Debug|Any CPU.Deploy.0 = Debug|Any CPU
		{C5BBD897-8782-4D6F-93AA-0ABD7CDDB155}.Debug|iPhone.ActiveCfg = Debug|Any CPU
		{C5BBD897-8782-4D6F-93AA-0ABD7CDDB155}.Debug|iPhone.Build.0 = Debug|Any CPU
		{C5BBD897-8782-4D6F-93AA-0ABD7CDDB155}.Debug|iPhone.Deploy.0 = Debug|Any CPU
		{C5BBD897-8782-4D6F-93AA-0ABD7CDDB155}.Debug|iPhoneSimulator.ActiveCfg = Debug|Any CPU
		{C5BBD897-8782-4D6F-93AA-0ABD7CDDB155}.Debug|iPhoneSimulator.Build.0 = Debug|Any CPU
		{C5BBD897-8782-4D6F-93AA-0ABD7CDDB155}.Debug|iPhoneSimulator.Deploy.0 = Debug|Any CPU
		{C5BBD897-8782-4D6F-93AA-0ABD7CDDB155}.Release|Any CPU.ActiveCfg = Release|Any CPU
		{C5BBD897-8782-4D6F-93AA-0ABD7CDDB155}.Release|Any CPU.Build.0 = Release|Any CPU
		{C5BBD897-8782-4D6F-93AA-0ABD7CDDB155}.Release|Any CPU.Deploy.0 = Release|Any CPU
		{C5BBD897-8782-4D6F-93AA-0ABD7CDDB155}.Release|iPhone.ActiveCfg = Release|Any CPU
		{C5BBD897-8782-4D6F-93AA-0ABD7CDDB155}.Release|iPhone.Build.0 = Release|Any CPU
		{C5BBD897-8782-4D6F-93AA-0ABD7CDDB155}.Release|iPhone.Deploy.0 = Release|Any CPU
		{C5BBD897-8782-4D6F-93AA-0ABD7CDDB155}.Release|iPhoneSimulator.ActiveCfg = Release|Any CPU
		{C5BBD897-8782-4D6F-93AA-0ABD7CDDB155}.Release|iPhoneSimulator.Build.0 = Release|Any CPU
		{C5BBD897-8782-4D6F-93AA-0ABD7CDDB155}.Release|iPhoneSimulator.Deploy.0 = Release|Any CPU
		{48675222-6C9E-42B8-A274-C145C4C0299B}.Debug|Any CPU.ActiveCfg = Debug|iPhone
		{48675222-6C9E-42B8-A274-C145C4C0299B}.Debug|Any CPU.Build.0 = Debug|iPhone
		{48675222-6C9E-42B8-A274-C145C4C0299B}.Debug|Any CPU.Deploy.0 = Debug|iPhone
		{48675222-6C9E-42B8-A274-C145C4C0299B}.Debug|iPhone.ActiveCfg = Debug|iPhone
		{48675222-6C9E-42B8-A274-C145C4C0299B}.Debug|iPhone.Build.0 = Debug|iPhone
		{48675222-6C9E-42B8-A274-C145C4C0299B}.Debug|iPhone.Deploy.0 = Debug|iPhone
		{48675222-6C9E-42B8-A274-C145C4C0299B}.Debug|iPhoneSimulator.ActiveCfg = Debug|iPhoneSimulator
		{48675222-6C9E-42B8-A274-C145C4C0299B}.Debug|iPhoneSimulator.Build.0 = Debug|iPhoneSimulator
		{48675222-6C9E-42B8-A274-C145C4C0299B}.Debug|iPhoneSimulator.Deploy.0 = Debug|iPhoneSimulator
		{48675222-6C9E-42B8-A274-C145C4C0299B}.Release|Any CPU.ActiveCfg = Release|iPhone
		{48675222-6C9E-42B8-A274-C145C4C0299B}.Release|Any CPU.Build.0 = Release|iPhone
		{48675222-6C9E-42B8-A274-C145C4C0299B}.Release|Any CPU.Deploy.0 = Release|iPhone
		{48675222-6C9E-42B8-A274-C145C4C0299B}.Release|iPhone.ActiveCfg = Release|iPhone
		{48675222-6C9E-42B8-A274-C145C4C0299B}.Release|iPhone.Build.0 = Release|iPhone
		{48675222-6C9E-42B8-A274-C145C4C0299B}.Release|iPhone.Deploy.0 = Release|iPhone
		{48675222-6C9E-42B8-A274-C145C4C0299B}.Release|iPhoneSimulator.ActiveCfg = Release|iPhoneSimulator
		{48675222-6C9E-42B8-A274-C145C4C0299B}.Release|iPhoneSimulator.Build.0 = Release|iPhoneSimulator
		{48675222-6C9E-42B8-A274-C145C4C0299B}.Release|iPhoneSimulator.Deploy.0 = Release|iPhoneSimulator
		{4AE27363-4033-4838-B502-1B24F77584CA}.Debug|Any CPU.ActiveCfg = Debug|Any CPU
		{4AE27363-4033-4838-B502-1B24F77584CA}.Debug|Any CPU.Build.0 = Debug|Any CPU
		{4AE27363-4033-4838-B502-1B24F77584CA}.Debug|Any CPU.Deploy.0 = Debug|Any CPU
		{4AE27363-4033-4838-B502-1B24F77584CA}.Debug|iPhone.ActiveCfg = Debug|Any CPU
		{4AE27363-4033-4838-B502-1B24F77584CA}.Debug|iPhone.Build.0 = Debug|Any CPU
		{4AE27363-4033-4838-B502-1B24F77584CA}.Debug|iPhone.Deploy.0 = Debug|Any CPU
		{4AE27363-4033-4838-B502-1B24F77584CA}.Debug|iPhoneSimulator.ActiveCfg = Debug|Any CPU
		{4AE27363-4033-4838-B502-1B24F77584CA}.Debug|iPhoneSimulator.Build.0 = Debug|Any CPU
		{4AE27363-4033-4838-B502-1B24F77584CA}.Debug|iPhoneSimulator.Deploy.0 = Debug|Any CPU
		{4AE27363-4033-4838-B502-1B24F77584CA}.Release|Any CPU.ActiveCfg = Release|Any CPU
		{4AE27363-4033-4838-B502-1B24F77584CA}.Release|Any CPU.Build.0 = Release|Any CPU
		{4AE27363-4033-4838-B502-1B24F77584CA}.Release|Any CPU.Deploy.0 = Release|Any CPU
		{4AE27363-4033-4838-B502-1B24F77584CA}.Release|iPhone.ActiveCfg = Release|Any CPU
		{4AE27363-4033-4838-B502-1B24F77584CA}.Release|iPhone.Build.0 = Release|Any CPU
		{4AE27363-4033-4838-B502-1B24F77584CA}.Release|iPhone.Deploy.0 = Release|Any CPU
		{4AE27363-4033-4838-B502-1B24F77584CA}.Release|iPhoneSimulator.ActiveCfg = Release|Any CPU
		{4AE27363-4033-4838-B502-1B24F77584CA}.Release|iPhoneSimulator.Build.0 = Release|Any CPU
		{4AE27363-4033-4838-B502-1B24F77584CA}.Release|iPhoneSimulator.Deploy.0 = Release|Any CPU
		{D5A35B0C-52C1-40D1-9F9E-BA40A455E830}.Debug|Any CPU.ActiveCfg = Debug|Any CPU
		{D5A35B0C-52C1-40D1-9F9E-BA40A455E830}.Debug|Any CPU.Build.0 = Debug|Any CPU
		{D5A35B0C-52C1-40D1-9F9E-BA40A455E830}.Debug|iPhone.ActiveCfg = Debug|Any CPU
		{D5A35B0C-52C1-40D1-9F9E-BA40A455E830}.Debug|iPhone.Build.0 = Debug|Any CPU
		{D5A35B0C-52C1-40D1-9F9E-BA40A455E830}.Debug|iPhoneSimulator.ActiveCfg = Debug|Any CPU
		{D5A35B0C-52C1-40D1-9F9E-BA40A455E830}.Debug|iPhoneSimulator.Build.0 = Debug|Any CPU
		{D5A35B0C-52C1-40D1-9F9E-BA40A455E830}.Release|Any CPU.ActiveCfg = Release|Any CPU
		{D5A35B0C-52C1-40D1-9F9E-BA40A455E830}.Release|Any CPU.Build.0 = Release|Any CPU
		{D5A35B0C-52C1-40D1-9F9E-BA40A455E830}.Release|iPhone.ActiveCfg = Release|Any CPU
		{D5A35B0C-52C1-40D1-9F9E-BA40A455E830}.Release|iPhone.Build.0 = Release|Any CPU
		{D5A35B0C-52C1-40D1-9F9E-BA40A455E830}.Release|iPhoneSimulator.ActiveCfg = Release|Any CPU
		{D5A35B0C-52C1-40D1-9F9E-BA40A455E830}.Release|iPhoneSimulator.Build.0 = Release|Any CPU
	EndGlobalSection
	GlobalSection(SolutionProperties) = preSolution
		HideSolutionNode = FALSE
	EndGlobalSection
	GlobalSection(ExtensibilityGlobals) = postSolution
		SolutionGuid = {BC71A110-4271-40B2-B20C-509010B0C30F}
	EndGlobalSection
EndGlobal
